
Microsoft Visual Studio Solution File, Format Version 9.00
# Visual Studio 2005
Project("{FAE04EC0-301F-11D3-BF4B-00C04F79EFBC}") = "Nova.Framework", "Nova.Framework\Nova.Framework.csproj", "{93500EAC-7765-47BB-B028-9A9DA7CE7CC0}"
EndProject
Project("{FAE04EC0-301F-11D3-BF4B-00C04F79EFBC}") = "Nova.Server", "Nova.Server\Nova.Server.csproj", "{7001DBD5-F798-4AAE-91D1-074A9B1C8539}"
EndProject
Project("{FAE04EC0-301F-11D3-BF4B-00C04F79EFBC}") = "Component Server", "Component Server\Component Server.csproj", "{C6267D04-D6CF-4469-883E-1CBD9FC5C299}"
EndProject
Project("{2150E333-8FDC-42A3-9474-1A3956D46DE8}") = "Documents", "Documents", "{925E2DBB-B501-4BA5-B405-E47B1959C5AF}"
	ProjectSection(SolutionItems) = postProject
		Documents\License.txt = Documents\License.txt
		Documents\Overview.tex = Documents\Overview.tex
	EndProjectSection
EndProject
Global
	GlobalSection(SolutionConfigurationPlatforms) = preSolution
		Debug|Any CPU = Debug|Any CPU
		Release|Any CPU = Release|Any CPU
	EndGlobalSection
	GlobalSection(ProjectConfigurationPlatforms) = postSolution
		{93500EAC-7765-47BB-B028-9A9DA7CE7CC0}.Debug|Any CPU.ActiveCfg = Debug|Any CPU
		{93500EAC-7765-47BB-B028-9A9DA7CE7CC0}.Debug|Any CPU.Build.0 = Debug|Any CPU
		{93500EAC-7765-47BB-B028-9A9DA7CE7CC0}.Release|Any CPU.ActiveCfg = Release|Any CPU
		{93500EAC-7765-47BB-B028-9A9DA7CE7CC0}.Release|Any CPU.Build.0 = Release|Any CPU
		{7001DBD5-F798-4AAE-91D1-074A9B1C8539}.Debug|Any CPU.ActiveCfg = Debug|Any CPU
		{7001DBD5-F798-4AAE-91D1-074A9B1C8539}.Debug|Any CPU.Build.0 = Debug|Any CPU
		{7001DBD5-F798-4AAE-91D1-074A9B1C8539}.Release|Any CPU.ActiveCfg = Release|Any CPU
		{7001DBD5-F798-4AAE-91D1-074A9B1C8539}.Release|Any CPU.Build.0 = Release|Any CPU
		{C6267D04-D6CF-4469-883E-1CBD9FC5C299}.Debug|Any CPU.ActiveCfg = Debug|Any CPU
		{C6267D04-D6CF-4469-883E-1CBD9FC5C299}.Debug|Any CPU.Build.0 = Debug|Any CPU
		{C6267D04-D6CF-4469-883E-1CBD9FC5C299}.Release|Any CPU.ActiveCfg = Release|Any CPU
		{C6267D04-D6CF-4469-883E-1CBD9FC5C299}.Release|Any CPU.Build.0 = Release|Any CPU
	EndGlobalSection
	GlobalSection(SolutionProperties) = preSolution
		HideSolutionNode = FALSE
	EndGlobalSection
EndGlobal
